
Microsoft Visual Studio Solution File, Format Version 12.00
# Visual Studio Version 17
VisualStudioVersion = 17.11.35222.181
MinimumVisualStudioVersion = 10.0.40219.1
Project("{FAE04EC0-301F-11D3-BF4B-00C04F79EFBC}") = "ConsoleApp1", "ConsoleApp1\ConsoleApp1.csproj", "{079F44B0-A182-4AA9-A963-67C98617FEAB}"
EndProject
Global
	GlobalSection(SolutionConfigurationPlatforms) = preSolution
		Debug|Any CPU = Debug|Any CPU
		Release|Any CPU = Release|Any CPU
	EndGlobalSection
	GlobalSection(ProjectConfigurationPlatforms) = postSolution
		{079F44B0-A182-4AA9-A963-67C98617FEAB}.Debug|Any CPU.ActiveCfg = Debug|Any CPU
		{079F44B0-A182-4AA9-A963-67C98617FEAB}.Debug|Any CPU.Build.0 = Debug|Any CPU
		{079F44B0-A182-4AA9-A963-67C98617FEAB}.Release|Any CPU.ActiveCfg = Release|Any CPU
		{079F44B0-A182-4AA9-A963-67C98617FEAB}.Release|Any CPU.Build.0 = Release|Any CPU
	EndGlobalSection
	GlobalSection(SolutionProperties) = preSolution
		HideSolutionNode = FALSE
	EndGlobalSection
	GlobalSection(ExtensibilityGlobals) = postSolution
		SolutionGuid = {C3E40320-6F72-40C3-B5CC-F08C8ECD768C}
	EndGlobalSection
EndGlobal
