
Microsoft Visual Studio Solution File, Format Version 12.00
# Visual Studio Version 17
VisualStudioVersion = 17.11.35222.181
MinimumVisualStudioVersion = 10.0.40219.1
Project("{FAE04EC0-301F-11D3-BF4B-00C04F79EFBC}") = "ConsoleApp4", "ConsoleApp4\ConsoleApp4.csproj", "{BE392379-660B-4232-ABEF-045D572BC30D}"
EndProject
Global
	GlobalSection(SolutionConfigurationPlatforms) = preSolution
		Debug|Any CPU = Debug|Any CPU
		Release|Any CPU = Release|Any CPU
	EndGlobalSection
	GlobalSection(ProjectConfigurationPlatforms) = postSolution
		{BE392379-660B-4232-ABEF-045D572BC30D}.Debug|Any CPU.ActiveCfg = Debug|Any CPU
		{BE392379-660B-4232-ABEF-045D572BC30D}.Debug|Any CPU.Build.0 = Debug|Any CPU
		{BE392379-660B-4232-ABEF-045D572BC30D}.Release|Any CPU.ActiveCfg = Release|Any CPU
		{BE392379-660B-4232-ABEF-045D572BC30D}.Release|Any CPU.Build.0 = Release|Any CPU
	EndGlobalSection
	GlobalSection(SolutionProperties) = preSolution
		HideSolutionNode = FALSE
	EndGlobalSection
	GlobalSection(ExtensibilityGlobals) = postSolution
		SolutionGuid = {BFA2ACCC-3261-4627-9835-B98507083A3C}
	EndGlobalSection
EndGlobal
